
Microsoft Visual Studio Solution File, Format Version 12.00
# Visual Studio 15
Project("{FAE04EC0-301F-11D3-BF4B-00C04F79EFBC}") = "Assembly-CSharp-firstpass", "Assembly-CSharp-firstpass.csproj", "{D9B8EAA8-C24F-C57C-850E-818AC8CDA33C}"
EndProject
Project("{FAE04EC0-301F-11D3-BF4B-00C04F79EFBC}") = "Assembly-CSharp", "Assembly-CSharp.csproj", "{CAA68F0E-93B3-2535-F400-7A7C1CB3C438}"
EndProject
Project("{FAE04EC0-301F-11D3-BF4B-00C04F79EFBC}") = "Assembly-CSharp-Editor-firstpass", "Assembly-CSharp-Editor-firstpass.csproj", "{EEFD6C85-8E2E-685F-B9ED-F43950C1B758}"
EndProject
Project("{FAE04EC0-301F-11D3-BF4B-00C04F79EFBC}") = "Assembly-CSharp-Editor", "Assembly-CSharp-Editor.csproj", "{DC7C5E5F-F1A5-EA3A-E2D5-A0E7557C3DE8}"
EndProject
Global
	GlobalSection(SolutionConfigurationPlatforms) = preSolution
		Debug|Any CPU = Debug|Any CPU
		Release|Any CPU = Release|Any CPU
	EndGlobalSection
	GlobalSection(ProjectConfigurationPlatforms) = postSolution
		{D9B8EAA8-C24F-C57C-850E-818AC8CDA33C}.Debug|Any CPU.ActiveCfg = Debug|Any CPU
		{D9B8EAA8-C24F-C57C-850E-818AC8CDA33C}.Debug|Any CPU.Build.0 = Debug|Any CPU
		{D9B8EAA8-C24F-C57C-850E-818AC8CDA33C}.Release|Any CPU.ActiveCfg = Release|Any CPU
		{D9B8EAA8-C24F-C57C-850E-818AC8CDA33C}.Release|Any CPU.Build.0 = Release|Any CPU
		{CAA68F0E-93B3-2535-F400-7A7C1CB3C438}.Debug|Any CPU.ActiveCfg = Debug|Any CPU
		{CAA68F0E-93B3-2535-F400-7A7C1CB3C438}.Debug|Any CPU.Build.0 = Debug|Any CPU
		{CAA68F0E-93B3-2535-F400-7A7C1CB3C438}.Release|Any CPU.ActiveCfg = Release|Any CPU
		{CAA68F0E-93B3-2535-F400-7A7C1CB3C438}.Release|Any CPU.Build.0 = Release|Any CPU
		{EEFD6C85-8E2E-685F-B9ED-F43950C1B758}.Debug|Any CPU.ActiveCfg = Debug|Any CPU
		{EEFD6C85-8E2E-685F-B9ED-F43950C1B758}.Debug|Any CPU.Build.0 = Debug|Any CPU
		{EEFD6C85-8E2E-685F-B9ED-F43950C1B758}.Release|Any CPU.ActiveCfg = Release|Any CPU
		{EEFD6C85-8E2E-685F-B9ED-F43950C1B758}.Release|Any CPU.Build.0 = Release|Any CPU
		{DC7C5E5F-F1A5-EA3A-E2D5-A0E7557C3DE8}.Debug|Any CPU.ActiveCfg = Debug|Any CPU
		{DC7C5E5F-F1A5-EA3A-E2D5-A0E7557C3DE8}.Debug|Any CPU.Build.0 = Debug|Any CPU
		{DC7C5E5F-F1A5-EA3A-E2D5-A0E7557C3DE8}.Release|Any CPU.ActiveCfg = Release|Any CPU
		{DC7C5E5F-F1A5-EA3A-E2D5-A0E7557C3DE8}.Release|Any CPU.Build.0 = Release|Any CPU
	EndGlobalSection
	GlobalSection(SolutionProperties) = preSolution
		HideSolutionNode = FALSE
	EndGlobalSection
EndGlobal
